
Microsoft Visual Studio Solution File, Format Version 12.00
# Visual Studio 15
Project("{FAE04EC0-301F-11D3-BF4B-00C04F79EFBC}") = "Assembly-CSharp-firstpass", "Assembly-CSharp-firstpass.csproj", "{F922B294-01EF-2E7F-E3F4-F6A609402A04}"
EndProject
Project("{FAE04EC0-301F-11D3-BF4B-00C04F79EFBC}") = "Assembly-CSharp", "Assembly-CSharp.csproj", "{2477FF55-AEB5-62A3-E88B-DC55BCF8CCC8}"
EndProject
Project("{FAE04EC0-301F-11D3-BF4B-00C04F79EFBC}") = "Assembly-CSharp-Editor-firstpass", "Assembly-CSharp-Editor-firstpass.csproj", "{93C8CA16-C1B1-8231-8DD7-5EA5B47CF38C}"
EndProject
Global
	GlobalSection(SolutionConfigurationPlatforms) = preSolution
		Debug|Any CPU = Debug|Any CPU
		Release|Any CPU = Release|Any CPU
	EndGlobalSection
	GlobalSection(ProjectConfigurationPlatforms) = postSolution
		{F922B294-01EF-2E7F-E3F4-F6A609402A04}.Debug|Any CPU.ActiveCfg = Debug|Any CPU
		{F922B294-01EF-2E7F-E3F4-F6A609402A04}.Debug|Any CPU.Build.0 = Debug|Any CPU
		{F922B294-01EF-2E7F-E3F4-F6A609402A04}.Release|Any CPU.ActiveCfg = Release|Any CPU
		{F922B294-01EF-2E7F-E3F4-F6A609402A04}.Release|Any CPU.Build.0 = Release|Any CPU
		{2477FF55-AEB5-62A3-E88B-DC55BCF8CCC8}.Debug|Any CPU.ActiveCfg = Debug|Any CPU
		{2477FF55-AEB5-62A3-E88B-DC55BCF8CCC8}.Debug|Any CPU.Build.0 = Debug|Any CPU
		{2477FF55-AEB5-62A3-E88B-DC55BCF8CCC8}.Release|Any CPU.ActiveCfg = Release|Any CPU
		{2477FF55-AEB5-62A3-E88B-DC55BCF8CCC8}.Release|Any CPU.Build.0 = Release|Any CPU
		{93C8CA16-C1B1-8231-8DD7-5EA5B47CF38C}.Debug|Any CPU.ActiveCfg = Debug|Any CPU
		{93C8CA16-C1B1-8231-8DD7-5EA5B47CF38C}.Debug|Any CPU.Build.0 = Debug|Any CPU
		{93C8CA16-C1B1-8231-8DD7-5EA5B47CF38C}.Release|Any CPU.ActiveCfg = Release|Any CPU
		{93C8CA16-C1B1-8231-8DD7-5EA5B47CF38C}.Release|Any CPU.Build.0 = Release|Any CPU
	EndGlobalSection
	GlobalSection(SolutionProperties) = preSolution
		HideSolutionNode = FALSE
	EndGlobalSection
EndGlobal
